
Microsoft Visual Studio Solution File, Format Version 12.00
# Visual Studio Version 17
VisualStudioVersion = 17.9.34622.214
MinimumVisualStudioVersion = 10.0.40219.1
Project("{FAE04EC0-301F-11D3-BF4B-00C04F79EFBC}") = "OpenIddictAssignment", "OpenIddictAssignment\OpenIddictAssignment.csproj", "{45D934FE-BFCF-492B-9833-FC9E2EF6F5B8}"
EndProject
Project("{FAE04EC0-301F-11D3-BF4B-00C04F79EFBC}") = "OpenIddictAssignment.Services", "OpenIddictAssignment.Services\OpenIddictAssignment.Services.csproj", "{E735A710-FEC3-4C4B-9C3B-D1F6C92841C1}"
EndProject
Global
	GlobalSection(SolutionConfigurationPlatforms) = preSolution
		Debug|Any CPU = Debug|Any CPU
		Release|Any CPU = Release|Any CPU
	EndGlobalSection
	GlobalSection(ProjectConfigurationPlatforms) = postSolution
		{45D934FE-BFCF-492B-9833-FC9E2EF6F5B8}.Debug|Any CPU.ActiveCfg = Debug|Any CPU
		{45D934FE-BFCF-492B-9833-FC9E2EF6F5B8}.Debug|Any CPU.Build.0 = Debug|Any CPU
		{45D934FE-BFCF-492B-9833-FC9E2EF6F5B8}.Release|Any CPU.ActiveCfg = Release|Any CPU
		{45D934FE-BFCF-492B-9833-FC9E2EF6F5B8}.Release|Any CPU.Build.0 = Release|Any CPU
		{E735A710-FEC3-4C4B-9C3B-D1F6C92841C1}.Debug|Any CPU.ActiveCfg = Debug|Any CPU
		{E735A710-FEC3-4C4B-9C3B-D1F6C92841C1}.Debug|Any CPU.Build.0 = Debug|Any CPU
		{E735A710-FEC3-4C4B-9C3B-D1F6C92841C1}.Release|Any CPU.ActiveCfg = Release|Any CPU
		{E735A710-FEC3-4C4B-9C3B-D1F6C92841C1}.Release|Any CPU.Build.0 = Release|Any CPU
	EndGlobalSection
	GlobalSection(SolutionProperties) = preSolution
		HideSolutionNode = FALSE
	EndGlobalSection
	GlobalSection(ExtensibilityGlobals) = postSolution
		SolutionGuid = {87E9FBBA-A1AA-4912-BE64-56AC5CFB3CB3}
	EndGlobalSection
EndGlobal
